
Microsoft Visual Studio Solution File, Format Version 12.00
# Visual Studio Version 17
VisualStudioVersion = 17.1.32421.90
MinimumVisualStudioVersion = 10.0.40219.1
Project("{FAE04EC0-301F-11D3-BF4B-00C04F79EFBC}") = "INTEC.ConsoleApp", "INTEC.ConsoleApp\INTEC.ConsoleApp.csproj", "{FE14A533-2E28-4A1C-9098-1A1EE10C87AA}"
EndProject
Project("{FAE04EC0-301F-11D3-BF4B-00C04F79EFBC}") = "INTEC.WindowsFormsApp", "INTEC.WindowsFormsApp\INTEC.WindowsFormsApp.csproj", "{92FF3C68-D038-4A26-817C-8BB99F48D5D0}"
EndProject
Project("{FAE04EC0-301F-11D3-BF4B-00C04F79EFBC}") = "INTEC.Patient", "INTEC.Patient\INTEC.Patient.csproj", "{0BB0CFF0-F925-45FF-8B79-62F9C2A187F4}"
EndProject
Project("{2150E333-8FDC-42A3-9474-1A3956D46DE8}") = "EXAMPLE I", "EXAMPLE I", "{5F24E43F-8EE0-4F3E-8613-754DA2B2158A}"
EndProject
Project("{2150E333-8FDC-42A3-9474-1A3956D46DE8}") = "EXAMPLE II", "EXAMPLE II", "{0DA38837-FC2C-4576-90BB-60A1B6B363D0}"
EndProject
Project("{2150E333-8FDC-42A3-9474-1A3956D46DE8}") = "EXAMPLE III", "EXAMPLE III", "{CDCDA275-0C81-4667-B9FA-F51466B5A517}"
EndProject
Project("{2150E333-8FDC-42A3-9474-1A3956D46DE8}") = "EXAMPLE IV", "EXAMPLE IV", "{BC34BB31-312C-4DA5-B7DD-DCF1D2FCBE0C}"
EndProject
Project("{2150E333-8FDC-42A3-9474-1A3956D46DE8}") = ".NET FRAMEWORK", ".NET FRAMEWORK", "{FF275D2F-2C61-4D4D-864B-C1C3B7DDE464}"
EndProject
Project("{2150E333-8FDC-42A3-9474-1A3956D46DE8}") = ".NET CORE", ".NET CORE", "{B9F41ED4-26EE-4AC1-A98F-C1003FFA71DC}"
EndProject
Project("{FAE04EC0-301F-11D3-BF4B-00C04F79EFBC}") = "ShoppingCart", "ShoppingCart\ShoppingCart.csproj", "{C68E4375-5E2E-495F-8F9E-59D52A12F0AB}"
EndProject
Global
	GlobalSection(SolutionConfigurationPlatforms) = preSolution
		Debug|Any CPU = Debug|Any CPU
		Release|Any CPU = Release|Any CPU
	EndGlobalSection
	GlobalSection(ProjectConfigurationPlatforms) = postSolution
		{FE14A533-2E28-4A1C-9098-1A1EE10C87AA}.Debug|Any CPU.ActiveCfg = Debug|Any CPU
		{FE14A533-2E28-4A1C-9098-1A1EE10C87AA}.Debug|Any CPU.Build.0 = Debug|Any CPU
		{FE14A533-2E28-4A1C-9098-1A1EE10C87AA}.Release|Any CPU.ActiveCfg = Release|Any CPU
		{FE14A533-2E28-4A1C-9098-1A1EE10C87AA}.Release|Any CPU.Build.0 = Release|Any CPU
		{92FF3C68-D038-4A26-817C-8BB99F48D5D0}.Debug|Any CPU.ActiveCfg = Debug|Any CPU
		{92FF3C68-D038-4A26-817C-8BB99F48D5D0}.Debug|Any CPU.Build.0 = Debug|Any CPU
		{92FF3C68-D038-4A26-817C-8BB99F48D5D0}.Release|Any CPU.ActiveCfg = Release|Any CPU
		{92FF3C68-D038-4A26-817C-8BB99F48D5D0}.Release|Any CPU.Build.0 = Release|Any CPU
		{0BB0CFF0-F925-45FF-8B79-62F9C2A187F4}.Debug|Any CPU.ActiveCfg = Debug|Any CPU
		{0BB0CFF0-F925-45FF-8B79-62F9C2A187F4}.Debug|Any CPU.Build.0 = Debug|Any CPU
		{0BB0CFF0-F925-45FF-8B79-62F9C2A187F4}.Release|Any CPU.ActiveCfg = Release|Any CPU
		{0BB0CFF0-F925-45FF-8B79-62F9C2A187F4}.Release|Any CPU.Build.0 = Release|Any CPU
		{C68E4375-5E2E-495F-8F9E-59D52A12F0AB}.Debug|Any CPU.ActiveCfg = Debug|Any CPU
		{C68E4375-5E2E-495F-8F9E-59D52A12F0AB}.Debug|Any CPU.Build.0 = Debug|Any CPU
		{C68E4375-5E2E-495F-8F9E-59D52A12F0AB}.Release|Any CPU.ActiveCfg = Release|Any CPU
		{C68E4375-5E2E-495F-8F9E-59D52A12F0AB}.Release|Any CPU.Build.0 = Release|Any CPU
	EndGlobalSection
	GlobalSection(SolutionProperties) = preSolution
		HideSolutionNode = FALSE
	EndGlobalSection
	GlobalSection(NestedProjects) = preSolution
		{FE14A533-2E28-4A1C-9098-1A1EE10C87AA} = {5F24E43F-8EE0-4F3E-8613-754DA2B2158A}
		{92FF3C68-D038-4A26-817C-8BB99F48D5D0} = {CDCDA275-0C81-4667-B9FA-F51466B5A517}
		{0BB0CFF0-F925-45FF-8B79-62F9C2A187F4} = {0DA38837-FC2C-4576-90BB-60A1B6B363D0}
		{FF275D2F-2C61-4D4D-864B-C1C3B7DDE464} = {BC34BB31-312C-4DA5-B7DD-DCF1D2FCBE0C}
		{B9F41ED4-26EE-4AC1-A98F-C1003FFA71DC} = {BC34BB31-312C-4DA5-B7DD-DCF1D2FCBE0C}
		{C68E4375-5E2E-495F-8F9E-59D52A12F0AB} = {FF275D2F-2C61-4D4D-864B-C1C3B7DDE464}
	EndGlobalSection
	GlobalSection(ExtensibilityGlobals) = postSolution
		SolutionGuid = {887DCF25-F00C-4444-8284-DFF225D7ACFD}
	EndGlobalSection
EndGlobal
