
Microsoft Visual Studio Solution File, Format Version 12.00
# Visual Studio Version 17
VisualStudioVersion = 17.1.32421.90
MinimumVisualStudioVersion = 10.0.40219.1
Project("{FAE04EC0-301F-11D3-BF4B-00C04F79EFBC}") = "INTEC.ConsoleApp", "INTEC.ConsoleApp\INTEC.ConsoleApp.csproj", "{FE14A533-2E28-4A1C-9098-1A1EE10C87AA}"
EndProject
Project("{FAE04EC0-301F-11D3-BF4B-00C04F79EFBC}") = "INTEC.WindowsFormsApp", "INTEC.WindowsFormsApp\INTEC.WindowsFormsApp.csproj", "{92FF3C68-D038-4A26-817C-8BB99F48D5D0}"
EndProject
Global
	GlobalSection(SolutionConfigurationPlatforms) = preSolution
		Debug|Any CPU = Debug|Any CPU
		Release|Any CPU = Release|Any CPU
	EndGlobalSection
	GlobalSection(ProjectConfigurationPlatforms) = postSolution
		{FE14A533-2E28-4A1C-9098-1A1EE10C87AA}.Debug|Any CPU.ActiveCfg = Debug|Any CPU
		{FE14A533-2E28-4A1C-9098-1A1EE10C87AA}.Debug|Any CPU.Build.0 = Debug|Any CPU
		{FE14A533-2E28-4A1C-9098-1A1EE10C87AA}.Release|Any CPU.ActiveCfg = Release|Any CPU
		{FE14A533-2E28-4A1C-9098-1A1EE10C87AA}.Release|Any CPU.Build.0 = Release|Any CPU
		{92FF3C68-D038-4A26-817C-8BB99F48D5D0}.Debug|Any CPU.ActiveCfg = Debug|Any CPU
		{92FF3C68-D038-4A26-817C-8BB99F48D5D0}.Debug|Any CPU.Build.0 = Debug|Any CPU
		{92FF3C68-D038-4A26-817C-8BB99F48D5D0}.Release|Any CPU.ActiveCfg = Release|Any CPU
		{92FF3C68-D038-4A26-817C-8BB99F48D5D0}.Release|Any CPU.Build.0 = Release|Any CPU
	EndGlobalSection
	GlobalSection(SolutionProperties) = preSolution
		HideSolutionNode = FALSE
	EndGlobalSection
	GlobalSection(ExtensibilityGlobals) = postSolution
		SolutionGuid = {887DCF25-F00C-4444-8284-DFF225D7ACFD}
	EndGlobalSection
EndGlobal
